{
  "name": "sample-ioc-spur",
  "version": "1.0.0",
  "lockfileVersion": 1,
  "requires": true,
  "dependencies": {
    "noder.io": {
      "version": "1.2.0",
      "resolved": "https://registry.npmjs.org/noder.io/-/noder.io-1.2.0.tgz",
      "integrity": "sha1-rSvGxsP5RliR7bxtv16E3K4vqeY="
    }
  }
}
